// !$*UTF8*$!
{
	archiveVersion = 1;
	classes = {
	};
	objectVersion = 46;
	objects = {

/* Begin PBXBuildFile section */
		253AC1561CC470B50025833E /* main.m in Sources */ = {isa = PBXBuildFile; fileRef = 253AC1551CC470B50025833E /* main.m */; };
		253AC1591CC470B50025833E /* AppDelegate.m in Sources */ = {isa = PBXBuildFile; fileRef = 253AC1581CC470B50025833E /* AppDelegate.m */; };
		253AC15C1CC470B50025833E /* ViewController.m in Sources */ = {isa = PBXBuildFile; fileRef = 253AC15B1CC470B50025833E /* ViewController.m */; };
		253AC15F1CC470B50025833E /* Main.storyboard in Resources */ = {isa = PBXBuildFile; fileRef = 253AC15D1CC470B50025833E /* Main.storyboard */; };
		253AC1611CC470B50025833E /* Assets.xcassets in Resources */ = {isa = PBXBuildFile; fileRef = 253AC1601CC470B50025833E /* Assets.xcassets */; };
		253AC1641CC470B50025833E /* LaunchScreen.storyboard in Resources */ = {isa = PBXBuildFile; fileRef = 253AC1621CC470B50025833E /* LaunchScreen.storyboard */; };
		253AC1771CC4AE9A0025833E /* RBMailRegisterViewController.m in Sources */ = {isa = PBXBuildFile; fileRef = 253AC1761CC4AE9A0025833E /* RBMailRegisterViewController.m */; };
		253AC17A1CC4B0A90025833E /* RBPhoneRegisterViewController.m in Sources */ = {isa = PBXBuildFile; fileRef = 253AC1791CC4B0A90025833E /* RBPhoneRegisterViewController.m */; };
		764444F91CC64C6900649F7C /* RBTimerButton.m in Sources */ = {isa = PBXBuildFile; fileRef = 764444F81CC64C6900649F7C /* RBTimerButton.m */; };
/* End PBXBuildFile section */

/* Begin PBXFileReference section */
		253AC1511CC470B50025833E /* RBTimerButton.app */ = {isa = PBXFileReference; explicitFileType = wrapper.application; includeInIndex = 0; path = RBTimerButton.app; sourceTree = BUILT_PRODUCTS_DIR; };
		253AC1551CC470B50025833E /* main.m */ = {isa = PBXFileReference; lastKnownFileType = sourcecode.c.objc; path = main.m; sourceTree = "<group>"; };
		253AC1571CC470B50025833E /* AppDelegate.h */ = {isa = PBXFileReference; lastKnownFileType = sourcecode.c.h; path = AppDelegate.h; sourceTree = "<group>"; };
		253AC1581CC470B50025833E /* AppDelegate.m */ = {isa = PBXFileReference; lastKnownFileType = sourcecode.c.objc; path = AppDelegate.m; sourceTree = "<group>"; };
		253AC15A1CC470B50025833E /* ViewController.h */ = {isa = PBXFileReference; lastKnownFileType = sourcecode.c.h; path = ViewController.h; sourceTree = "<group>"; };
		253AC15B1CC470B50025833E /* ViewController.m */ = {isa = PBXFileReference; lastKnownFileType = sourcecode.c.objc; path = ViewController.m; sourceTree = "<group>"; };
		253AC15E1CC470B50025833E /* Base */ = {isa = PBXFileReference; lastKnownFileType = file.storyboard; name = Base; path = Base.lproj/Main.storyboard; sourceTree = "<group>"; };
		253AC1601CC470B50025833E /* Assets.xcassets */ = {isa = PBXFileReference; lastKnownFileType = folder.assetcatalog; path = Assets.xcassets; sourceTree = "<group>"; };
		253AC1631CC470B50025833E /* Base */ = {isa = PBXFileReference; lastKnownFileType = file.storyboard; name = Base; path = Base.lproj/LaunchScreen.storyboard; sourceTree = "<group>"; };
		253AC1651CC470B50025833E /* Info.plist */ = {isa = PBXFileReference; lastKnownFileType = text.plist.xml; path = Info.plist; sourceTree = "<group>"; };
		253AC1751CC4AE9A0025833E /* RBMailRegisterViewController.h */ = {isa = PBXFileReference; fileEncoding = 4; lastKnownFileType = sourcecode.c.h; path = RBMailRegisterViewController.h; sourceTree = "<group>"; };
		253AC1761CC4AE9A0025833E /* RBMailRegisterViewController.m */ = {isa = PBXFileReference; fileEncoding = 4; lastKnownFileType = sourcecode.c.objc; path = RBMailRegisterViewController.m; sourceTree = "<group>"; };
		253AC1781CC4B0A90025833E /* RBPhoneRegisterViewController.h */ = {isa = PBXFileReference; fileEncoding = 4; lastKnownFileType = sourcecode.c.h; path = RBPhoneRegisterViewController.h; sourceTree = "<group>"; };
		253AC1791CC4B0A90025833E /* RBPhoneRegisterViewController.m */ = {isa = PBXFileReference; fileEncoding = 4; lastKnownFileType = sourcecode.c.objc; path = RBPhoneRegisterViewController.m; sourceTree = "<group>"; };
		764444F71CC64C6900649F7C /* RBTimerButton.h */ = {isa = PBXFileReference; fileEncoding = 4; lastKnownFileType = sourcecode.c.h; path = RBTimerButton.h; sourceTree = "<group>"; };
		764444F81CC64C6900649F7C /* RBTimerButton.m */ = {isa = PBXFileReference; fileEncoding = 4; lastKnownFileType = sourcecode.c.objc; path = RBTimerButton.m; sourceTree = "<group>"; };
/* End PBXFileReference section */

/* Begin PBXFrameworksBuildPhase section */
		253AC14E1CC470B50025833E /* Frameworks */ = {
			isa = PBXFrameworksBuildPhase;
			buildActionMask = 2147483647;
			files = (
			);
			runOnlyForDeploymentPostprocessing = 0;
		};
/* End PBXFrameworksBuildPhase section */

/* Begin PBXGroup section */
		253AC1481CC470B50025833E = {
			isa = PBXGroup;
			children = (
				253AC1531CC470B50025833E /* RBTimerButton */,
				253AC1521CC470B50025833E /* Products */,
			);
			sourceTree = "<group>";
		};
		253AC1521CC470B50025833E /* Products */ = {
			isa = PBXGroup;
			children = (
				253AC1511CC470B50025833E /* RBTimerButton.app */,
			);
			name = Products;
			sourceTree = "<group>";
		};
		253AC1531CC470B50025833E /* RBTimerButton */ = {
			isa = PBXGroup;
			children = (
				253AC1571CC470B50025833E /* AppDelegate.h */,
				253AC1581CC470B50025833E /* AppDelegate.m */,
				253AC15A1CC470B50025833E /* ViewController.h */,
				253AC15B1CC470B50025833E /* ViewController.m */,
				253AC1781CC4B0A90025833E /* RBPhoneRegisterViewController.h */,
				253AC1791CC4B0A90025833E /* RBPhoneRegisterViewController.m */,
				253AC1751CC4AE9A0025833E /* RBMailRegisterViewController.h */,
				253AC1761CC4AE9A0025833E /* RBMailRegisterViewController.m */,
				764444F61CC64C6900649F7C /* RBTimer */,
				253AC15D1CC470B50025833E /* Main.storyboard */,
				253AC1601CC470B50025833E /* Assets.xcassets */,
				253AC1621CC470B50025833E /* LaunchScreen.storyboard */,
				253AC1651CC470B50025833E /* Info.plist */,
				253AC1541CC470B50025833E /* Supporting Files */,
			);
			path = RBTimerButton;
			sourceTree = "<group>";
		};
		253AC1541CC470B50025833E /* Supporting Files */ = {
			isa = PBXGroup;
			children = (
				253AC1551CC470B50025833E /* main.m */,
			);
			name = "Supporting Files";
			sourceTree = "<group>";
		};
		764444F61CC64C6900649F7C /* RBTimer */ = {
			isa = PBXGroup;
			children = (
				764444F71CC64C6900649F7C /* RBTimerButton.h */,
				764444F81CC64C6900649F7C /* RBTimerButton.m */,
			);
			path = RBTimer;
			sourceTree = "<group>";
		};
/* End PBXGroup section */

/* Begin PBXNativeTarget section */
		253AC1501CC470B50025833E /* RBTimerButton */ = {
			isa = PBXNativeTarget;
			buildConfigurationList = 253AC1681CC470B50025833E /* Build configuration list for PBXNativeTarget "RBTimerButton" */;
			buildPhases = (
				253AC14D1CC470B50025833E /* Sources */,
				253AC14E1CC470B50025833E /* Frameworks */,
				253AC14F1CC470B50025833E /* Resources */,
			);
			buildRules = (
			);
			dependencies = (
			);
			name = RBTimerButton;
			productName = RBTimerButton;
			productReference = 253AC1511CC470B50025833E /* RBTimerButton.app */;
			productType = "com.apple.product-type.application";
		};
/* End PBXNativeTarget section */

/* Begin PBXProject section */
		253AC1491CC470B50025833E /* Project object */ = {
			isa = PBXProject;
			attributes = {
				LastUpgradeCheck = 0710;
				ORGANIZATIONNAME = Justice;
				TargetAttributes = {
					253AC1501CC470B50025833E = {
						CreatedOnToolsVersion = 7.1;
					};
				};
			};
			buildConfigurationList = 253AC14C1CC470B50025833E /* Build configuration list for PBXProject "RBTimerButton" */;
			compatibilityVersion = "Xcode 3.2";
			developmentRegion = English;
			hasScannedForEncodings = 0;
			knownRegions = (
				en,
				Base,
			);
			mainGroup = 253AC1481CC470B50025833E;
			productRefGroup = 253AC1521CC470B50025833E /* Products */;
			projectDirPath = "";
			projectRoot = "";
			targets = (
				253AC1501CC470B50025833E /* RBTimerButton */,
			);
		};
/* End PBXProject section */

/* Begin PBXResourcesBuildPhase section */
		253AC14F1CC470B50025833E /* Resources */ = {
			isa = PBXResourcesBuildPhase;
			buildActionMask = 2147483647;
			files = (
				253AC1641CC470B50025833E /* LaunchScreen.storyboard in Resources */,
				253AC1611CC470B50025833E /* Assets.xcassets in Resources */,
				253AC15F1CC470B50025833E /* Main.storyboard in Resources */,
			);
			runOnlyForDeploymentPostprocessing = 0;
		};
/* End PBXResourcesBuildPhase section */

/* Begin PBXSourcesBuildPhase section */
		253AC14D1CC470B50025833E /* Sources */ = {
			isa = PBXSourcesBuildPhase;
			buildActionMask = 2147483647;
			files = (
				253AC17A1CC4B0A90025833E /* RBPhoneRegisterViewController.m in Sources */,
				253AC15C1CC470B50025833E /* ViewController.m in Sources */,
				253AC1591CC470B50025833E /* AppDelegate.m in Sources */,
				253AC1561CC470B50025833E /* main.m in Sources */,
				253AC1771CC4AE9A0025833E /* RBMailRegisterViewController.m in Sources */,
				764444F91CC64C6900649F7C /* RBTimerButton.m in Sources */,
			);
			runOnlyForDeploymentPostprocessing = 0;
		};
/* End PBXSourcesBuildPhase section */

/* Begin PBXVariantGroup section */
		253AC15D1CC470B50025833E /* Main.storyboard */ = {
			isa = PBXVariantGroup;
			children = (
				253AC15E1CC470B50025833E /* Base */,
			);
			name = Main.storyboard;
			sourceTree = "<group>";
		};
		253AC1621CC470B50025833E /* LaunchScreen.storyboard */ = {
			isa = PBXVariantGroup;
			children = (
				253AC1631CC470B50025833E /* Base */,
			);
			name = LaunchScreen.storyboard;
			sourceTree = "<group>";
		};
/* End PBXVariantGroup section */

/* Begin XCBuildConfiguration section */
		253AC1661CC470B50025833E /* Debug */ = {
			isa = XCBuildConfiguration;
			buildSettings = {
				ALWAYS_SEARCH_USER_PATHS = NO;
				CLANG_CXX_LANGUAGE_STANDARD = "gnu++0x";
				CLANG_CXX_LIBRARY = "libc++";
				CLANG_ENABLE_MODULES = YES;
				CLANG_ENABLE_OBJC_ARC = YES;
				CLANG_WARN_BOOL_CONVERSION = YES;
				CLANG_WARN_CONSTANT_CONVERSION = YES;
				CLANG_WARN_DIRECT_OBJC_ISA_USAGE = YES_ERROR;
				CLANG_WARN_EMPTY_BODY = YES;
				CLANG_WARN_ENUM_CONVERSION = YES;
				CLANG_WARN_INT_CONVERSION = YES;
				CLANG_WARN_OBJC_ROOT_CLASS = YES_ERROR;
				CLANG_WARN_UNREACHABLE_CODE = YES;
				CLANG_WARN__DUPLICATE_METHOD_MATCH = YES;
				"CODE_SIGN_IDENTITY[sdk=iphoneos*]" = "iPhone Developer";
				COPY_PHASE_STRIP = NO;
				DEBUG_INFORMATION_FORMAT = dwarf;
				ENABLE_STRICT_OBJC_MSGSEND = YES;
				ENABLE_TESTABILITY = YES;
				GCC_C_LANGUAGE_STANDARD = gnu99;
				GCC_DYNAMIC_NO_PIC = NO;
				GCC_NO_COMMON_BLOCKS = YES;
				GCC_OPTIMIZATION_LEVEL = 0;
				GCC_PREPROCESSOR_DEFINITIONS = (
					"DEBUG=1",
					"$(inherited)",
				);
				GCC_WARN_64_TO_32_BIT_CONVERSION = YES;
				GCC_WARN_ABOUT_RETURN_TYPE = YES_ERROR;
				GCC_WARN_UNDECLARED_SELECTOR = YES;
				GCC_WARN_UNINITIALIZED_AUTOS = YES_AGGRESSIVE;
				GCC_WARN_UNUSED_FUNCTION = YES;
				GCC_WARN_UNUSED_VARIABLE = YES;
				IPHONEOS_DEPLOYMENT_TARGET = 9.1;
				MTL_ENABLE_DEBUG_INFO = YES;
				ONLY_ACTIVE_ARCH = YES;
				SDKROOT = iphoneos;
			};
			name = Debug;
		};
		253AC1671CC470B50025833E /* Release */ = {
			isa = XCBuildConfiguration;
			buildSettings = {
				ALWAYS_SEARCH_USER_PATHS = NO;
				CLANG_CXX_LANGUAGE_STANDARD = "gnu++0x";
				CLANG_CXX_LIBRARY = "libc++";
				CLANG_ENABLE_MODULES = YES;
				CLANG_ENABLE_OBJC_ARC = YES;
				CLANG_WARN_BOOL_CONVERSION = YES;
				CLANG_WARN_CONSTANT_CONVERSION = YES;
				CLANG_WARN_DIRECT_OBJC_ISA_USAGE = YES_ERROR;
				CLANG_WARN_EMPTY_BODY = YES;
				CLANG_WARN_ENUM_CONVERSION = YES;
				CLANG_WARN_INT_CONVERSION = YES;
				CLANG_WARN_OBJC_ROOT_CLASS = YES_ERROR;
				CLANG_WARN_UNREACHABLE_CODE = YES;
				CLANG_WARN__DUPLICATE_METHOD_MATCH = YES;
				"CODE_SIGN_IDENTITY[sdk=iphoneos*]" = "iPhone Developer";
				COPY_PHASE_STRIP = NO;
				DEBUG_INFORMATION_FORMAT = "dwarf-with-dsym";
				ENABLE_NS_ASSERTIONS = NO;
				ENABLE_STRICT_OBJC_MSGSEND = YES;
				GCC_C_LANGUAGE_STANDARD = gnu99;
				GCC_NO_COMMON_BLOCKS = YES;
				GCC_WARN_64_TO_32_BIT_CONVERSION = YES;
				GCC_WARN_ABOUT_RETURN_TYPE = YES_ERROR;
				GCC_WARN_UNDECLARED_SELECTOR = YES;
				GCC_WARN_UNINITIALIZED_AUTOS = YES_AGGRESSIVE;
				GCC_WARN_UNUSED_FUNCTION = YES;
				GCC_WARN_UNUSED_VARIABLE = YES;
				IPHONEOS_DEPLOYMENT_TARGET = 9.1;
				MTL_ENABLE_DEBUG_INFO = NO;
				SDKROOT = iphoneos;
				VALIDATE_PRODUCT = YES;
			};
			name = Release;
		};
		253AC1691CC470B50025833E /* Debug */ = {
			isa = XCBuildConfiguration;
			buildSettings = {
				ASSETCATALOG_COMPILER_APPICON_NAME = AppIcon;
				INFOPLIST_FILE = RBTimerButton/Info.plist;
				LD_RUNPATH_SEARCH_PATHS = "$(inherited) @executable_path/Frameworks";
				PRODUCT_BUNDLE_IDENTIFIER = XLXL.RBTimerButton;
				PRODUCT_NAME = "$(TARGET_NAME)";
			};
			name = Debug;
		};
		253AC16A1CC470B50025833E /* Release */ = {
			isa = XCBuildConfiguration;
			buildSettings = {
				ASSETCATALOG_COMPILER_APPICON_NAME = AppIcon;
				INFOPLIST_FILE = RBTimerButton/Info.plist;
				LD_RUNPATH_SEARCH_PATHS = "$(inherited) @executable_path/Frameworks";
				PRODUCT_BUNDLE_IDENTIFIER = XLXL.RBTimerButton;
				PRODUCT_NAME = "$(TARGET_NAME)";
			};
			name = Release;
		};
/* End XCBuildConfiguration section */

/* Begin XCConfigurationList section */
		253AC14C1CC470B50025833E /* Build configuration list for PBXProject "RBTimerButton" */ = {
			isa = XCConfigurationList;
			buildConfigurations = (
				253AC1661CC470B50025833E /* Debug */,
				253AC1671CC470B50025833E /* Release */,
			);
			defaultConfigurationIsVisible = 0;
			defaultConfigurationName = Release;
		};
		253AC1681CC470B50025833E /* Build configuration list for PBXNativeTarget "RBTimerButton" */ = {
			isa = XCConfigurationList;
			buildConfigurations = (
				253AC1691CC470B50025833E /* Debug */,
				253AC16A1CC470B50025833E /* Release */,
			);
			defaultConfigurationIsVisible = 0;
			defaultConfigurationName = Release;
		};
/* End XCConfigurationList section */
	};
	rootObject = 253AC1491CC470B50025833E /* Project object */;
}
